{
  "requires": true,
  "lockfileVersion": 1,
  "dependencies": {
    "axios": {
      "version": "0.21.1",
      "resolved": "https://registry.npmjs.org/axios/-/axios-0.21.1.tgz",
      "integrity": "sha512-dKQiRHxGD9PPRIUNIWvZhPTPpl1rf/OxTYKsqKUDjBwYylTvV7SjSHJb9ratfyzM6wCdLCOYLzs73qpg5c4iGA==",
      "requires": {
        "follow-redirects": "^1.10.0"
      }
    },
    "cors-anywhere": {
      "version": "0.4.3",
      "resolved": "https://registry.npmjs.org/cors-anywhere/-/cors-anywhere-0.4.3.tgz",
      "integrity": "sha512-x+pmjGZsoWrPMPbHdga8yVYYys0aaDLezP+V3uOX3GLqWlCMRmcFyXqrdmi/DP5SN6f5mxtUtAmzHO4u3DohSg==",
      "requires": {
        "http-proxy": "1.11.1",
        "proxy-from-env": "0.0.1"
      }
    },
    "eventemitter3": {
      "version": "1.2.0",
      "resolved": "https://registry.npmjs.org/eventemitter3/-/eventemitter3-1.2.0.tgz",
      "integrity": "sha1-HIaZHYFq0eUEdQ5zh0Ik7PO+xQg="
    },
    "follow-redirects": {
      "version": "1.13.1",
      "resolved": "https://registry.npmjs.org/follow-redirects/-/follow-redirects-1.13.1.tgz",
      "integrity": "sha512-SSG5xmZh1mkPGyKzjZP8zLjltIfpW32Y5QpdNJyjcfGxK3qo3NDDkZOZSFiGn1A6SclQxY9GzEwAHQ3dmYRWpg=="
    },
    "http-proxy": {
      "version": "1.11.1",
      "resolved": "https://registry.npmjs.org/http-proxy/-/http-proxy-1.11.1.tgz",
      "integrity": "sha1-cd9VdX6ALVjqgQ3yJEAZ3aBa6F0=",
      "requires": {
        "eventemitter3": "1.x.x",
        "requires-port": "0.x.x"
      }
    },
    "proxy-from-env": {
      "version": "0.0.1",
      "resolved": "https://registry.npmjs.org/proxy-from-env/-/proxy-from-env-0.0.1.tgz",
      "integrity": "sha1-snxJRunm1dutt1mKZDXTAUxM/Uk="
    },
    "requires-port": {
      "version": "0.0.1",
      "resolved": "https://registry.npmjs.org/requires-port/-/requires-port-0.0.1.tgz",
      "integrity": "sha1-S0QUQR2d98hVmV3YmajHiilRwW0="
    }
  }
}
